
Microsoft Visual Studio Solution File, Format Version 12.00
# Visual Studio 2012
Project("{FAE04EC0-301F-11D3-BF4B-00C04F79EFBC}") = "AK.Aspects", "AK.Aspects\AK.Aspects.csproj", "{27CF799D-211A-4D10-A28D-E9FF00178499}"
EndProject
Project("{2150E333-8FDC-42A3-9474-1A3956D46DE8}") = ".nuget", ".nuget", "{A211B1F6-DD8E-4157-97F1-10156887566D}"
	ProjectSection(SolutionItems) = preProject
		.nuget\NuGet.Config = .nuget\NuGet.Config
		.nuget\NuGet.exe = .nuget\NuGet.exe
		.nuget\NuGet.targets = .nuget\NuGet.targets
	EndProjectSection
EndProject
Project("{FAE04EC0-301F-11D3-BF4B-00C04F79EFBC}") = "AK.Aspects.Tests", "AK.Aspects.Tests\AK.Aspects.Tests.csproj", "{8143D07E-BEE2-41C6-91DD-E6748C357A95}"
EndProject
Global
	GlobalSection(SolutionConfigurationPlatforms) = preSolution
		Debug|Any CPU = Debug|Any CPU
		Release|Any CPU = Release|Any CPU
	EndGlobalSection
	GlobalSection(ProjectConfigurationPlatforms) = postSolution
		{27CF799D-211A-4D10-A28D-E9FF00178499}.Debug|Any CPU.ActiveCfg = Debug|Any CPU
		{27CF799D-211A-4D10-A28D-E9FF00178499}.Debug|Any CPU.Build.0 = Debug|Any CPU
		{27CF799D-211A-4D10-A28D-E9FF00178499}.Release|Any CPU.ActiveCfg = Release|Any CPU
		{27CF799D-211A-4D10-A28D-E9FF00178499}.Release|Any CPU.Build.0 = Release|Any CPU
		{8143D07E-BEE2-41C6-91DD-E6748C357A95}.Debug|Any CPU.ActiveCfg = Debug|Any CPU
		{8143D07E-BEE2-41C6-91DD-E6748C357A95}.Debug|Any CPU.Build.0 = Debug|Any CPU
		{8143D07E-BEE2-41C6-91DD-E6748C357A95}.Release|Any CPU.ActiveCfg = Release|Any CPU
		{8143D07E-BEE2-41C6-91DD-E6748C357A95}.Release|Any CPU.Build.0 = Release|Any CPU
	EndGlobalSection
	GlobalSection(SolutionProperties) = preSolution
		HideSolutionNode = FALSE
	EndGlobalSection
EndGlobal
